
Microsoft Visual Studio Solution File, Format Version 12.00
# Visual Studio Version 17
VisualStudioVersion = 17.14.36603.0 d17.14
MinimumVisualStudioVersion = 10.0.40219.1
Project("{8BC9CEB8-8B4A-11D0-8D11-00A0C91BC942}") = "SecureGuardKernel", "SecureGuardKernel\SecureGuardKernel.vcxproj", "{AFD186DD-B9B1-3733-7C28-F6E4B4FF374E}"
EndProject
Global
	GlobalSection(SolutionConfigurationPlatforms) = preSolution
		Debug|ARM64 = Debug|ARM64
		Debug|x64 = Debug|x64
		Release|ARM64 = Release|ARM64
		Release|x64 = Release|x64
	EndGlobalSection
	GlobalSection(ProjectConfigurationPlatforms) = postSolution
		{AFD186DD-B9B1-3733-7C28-F6E4B4FF374E}.Debug|ARM64.ActiveCfg = Debug|ARM64
		{AFD186DD-B9B1-3733-7C28-F6E4B4FF374E}.Debug|ARM64.Build.0 = Debug|ARM64
		{AFD186DD-B9B1-3733-7C28-F6E4B4FF374E}.Debug|ARM64.Deploy.0 = Debug|ARM64
		{AFD186DD-B9B1-3733-7C28-F6E4B4FF374E}.Debug|x64.ActiveCfg = Debug|x64
		{AFD186DD-B9B1-3733-7C28-F6E4B4FF374E}.Debug|x64.Build.0 = Debug|x64
		{AFD186DD-B9B1-3733-7C28-F6E4B4FF374E}.Debug|x64.Deploy.0 = Debug|x64
		{AFD186DD-B9B1-3733-7C28-F6E4B4FF374E}.Release|ARM64.ActiveCfg = Release|ARM64
		{AFD186DD-B9B1-3733-7C28-F6E4B4FF374E}.Release|ARM64.Build.0 = Release|ARM64
		{AFD186DD-B9B1-3733-7C28-F6E4B4FF374E}.Release|ARM64.Deploy.0 = Release|ARM64
		{AFD186DD-B9B1-3733-7C28-F6E4B4FF374E}.Release|x64.ActiveCfg = Release|x64
		{AFD186DD-B9B1-3733-7C28-F6E4B4FF374E}.Release|x64.Build.0 = Release|x64
		{AFD186DD-B9B1-3733-7C28-F6E4B4FF374E}.Release|x64.Deploy.0 = Release|x64
	EndGlobalSection
	GlobalSection(SolutionProperties) = preSolution
		HideSolutionNode = FALSE
	EndGlobalSection
	GlobalSection(ExtensibilityGlobals) = postSolution
		SolutionGuid = {E891F25E-1122-45D3-AB04-8B4FC6759BC3}
	EndGlobalSection
EndGlobal
